
Microsoft Visual Studio Solution File, Format Version 12.00
# Visual Studio Version 16
VisualStudioVersion = 16.0.32106.194
MinimumVisualStudioVersion = 10.0.40219.1
Project("{FAE04EC0-301F-11D3-BF4B-00C04F79EFBC}") = "Laboratorio4_EDD", "Laboratorio4_EDD\Laboratorio4_EDD.csproj", "{7EF325BC-2ED4-4B32-9C1E-01431BD94AD3}"
EndProject
Project("{9A19103F-16F7-4668-BE54-9A1E7A4F7556}") = "GenericsList", "GenericsList\GenericsList.csproj", "{B479C541-CC6E-48C4-A30F-48B85BC3100F}"
EndProject
Global
	GlobalSection(SolutionConfigurationPlatforms) = preSolution
		Debug|Any CPU = Debug|Any CPU
		Release|Any CPU = Release|Any CPU
	EndGlobalSection
	GlobalSection(ProjectConfigurationPlatforms) = postSolution
		{7EF325BC-2ED4-4B32-9C1E-01431BD94AD3}.Debug|Any CPU.ActiveCfg = Debug|Any CPU
		{7EF325BC-2ED4-4B32-9C1E-01431BD94AD3}.Debug|Any CPU.Build.0 = Debug|Any CPU
		{7EF325BC-2ED4-4B32-9C1E-01431BD94AD3}.Release|Any CPU.ActiveCfg = Release|Any CPU
		{7EF325BC-2ED4-4B32-9C1E-01431BD94AD3}.Release|Any CPU.Build.0 = Release|Any CPU
		{B479C541-CC6E-48C4-A30F-48B85BC3100F}.Debug|Any CPU.ActiveCfg = Debug|Any CPU
		{B479C541-CC6E-48C4-A30F-48B85BC3100F}.Debug|Any CPU.Build.0 = Debug|Any CPU
		{B479C541-CC6E-48C4-A30F-48B85BC3100F}.Release|Any CPU.ActiveCfg = Release|Any CPU
		{B479C541-CC6E-48C4-A30F-48B85BC3100F}.Release|Any CPU.Build.0 = Release|Any CPU
	EndGlobalSection
	GlobalSection(SolutionProperties) = preSolution
		HideSolutionNode = FALSE
	EndGlobalSection
	GlobalSection(ExtensibilityGlobals) = postSolution
		SolutionGuid = {5A69F775-2861-444A-8BF4-5D8598A93E1C}
	EndGlobalSection
EndGlobal
